# This file is automatically @generated by Cargo.
# It is not intended for manual editing.
version = 3

[[package]]
name = "bytemuck"
version = "1.7.2"
source = "registry+https://github.com/rust-lang/crates.io-index"
checksum = "72957246c41db82b8ef88a5486143830adeb8227ef9837740bdec67724cf2c5b"

[[package]]
name = "snesdev"
version = "0.1.0"

[[package]]
name = "w65-abi-extra"
version = "0.1.0"
dependencies = [
 "bytemuck",
]
